
Microsoft Visual Studio Solution File, Format Version 12.00
# Visual Studio Version 17
VisualStudioVersion = 17.9.34607.119
MinimumVisualStudioVersion = 10.0.40219.1
Project("{FAE04EC0-301F-11D3-BF4B-00C04F79EFBC}") = "InventoryApp", "InventoryApp\InventoryApp.csproj", "{7A4B5FBE-8206-4CEE-B0EC-619EF261761A}"
EndProject
Global
	GlobalSection(SolutionConfigurationPlatforms) = preSolution
		Debug|Any CPU = Debug|Any CPU
		Release|Any CPU = Release|Any CPU
	EndGlobalSection
	GlobalSection(ProjectConfigurationPlatforms) = postSolution
		{7A4B5FBE-8206-4CEE-B0EC-619EF261761A}.Debug|Any CPU.ActiveCfg = Debug|Any CPU
		{7A4B5FBE-8206-4CEE-B0EC-619EF261761A}.Debug|Any CPU.Build.0 = Debug|Any CPU
		{7A4B5FBE-8206-4CEE-B0EC-619EF261761A}.Release|Any CPU.ActiveCfg = Release|Any CPU
		{7A4B5FBE-8206-4CEE-B0EC-619EF261761A}.Release|Any CPU.Build.0 = Release|Any CPU
	EndGlobalSection
	GlobalSection(SolutionProperties) = preSolution
		HideSolutionNode = FALSE
	EndGlobalSection
	GlobalSection(ExtensibilityGlobals) = postSolution
		SolutionGuid = {57B4F210-6847-465E-873B-672EE2C6B525}
	EndGlobalSection
EndGlobal
